Microsoft Visual Studio Solution File, Format Version 12.00
# Visual Studio Version 17
VisualStudioVersion = 17.5.2.0
MinimumVisualStudioVersion = 10.0.40219.1
Project("{2150E333-8FDC-42A3-9474-1A3956D46DE8}") = "chapter-02", "chapter-02", "{B936EC84-0B98-8B52-4352-37671EDCE65C}"
EndProject
Project("{2150E333-8FDC-42A3-9474-1A3956D46DE8}") = "01-linear-search", "01-linear-search", "{9FCC00F0-AF23-CA1A-F9A5-92769C0E6FAF}"
EndProject
Project("{2150E333-8FDC-42A3-9474-1A3956D46DE8}") = "C#", "C#", "{85BBE736-8E55-63EC-7B05-4FE4F68DF8B6}"
EndProject
Project("{FAE04EC0-301F-11D3-BF4B-00C04F79EFBC}") = "linear-search", "chapter-02\01-linear-search\C#\linear-search\linear-search.csproj", "{BF3E0C06-3BD4-A9E1-5B71-871D016174E6}"
EndProject
Global
	GlobalSection(SolutionConfigurationPlatforms) = preSolution
		Debug|Any CPU = Debug|Any CPU
		Release|Any CPU = Release|Any CPU
	EndGlobalSection
	GlobalSection(ProjectConfigurationPlatforms) = postSolution
		{BF3E0C06-3BD4-A9E1-5B71-871D016174E6}.Debug|Any CPU.ActiveCfg = Debug|Any CPU
		{BF3E0C06-3BD4-A9E1-5B71-871D016174E6}.Debug|Any CPU.Build.0 = Debug|Any CPU
		{BF3E0C06-3BD4-A9E1-5B71-871D016174E6}.Release|Any CPU.ActiveCfg = Release|Any CPU
		{BF3E0C06-3BD4-A9E1-5B71-871D016174E6}.Release|Any CPU.Build.0 = Release|Any CPU
	EndGlobalSection
	GlobalSection(SolutionProperties) = preSolution
		HideSolutionNode = FALSE
	EndGlobalSection
	GlobalSection(NestedProjects) = preSolution
		{9FCC00F0-AF23-CA1A-F9A5-92769C0E6FAF} = {B936EC84-0B98-8B52-4352-37671EDCE65C}
		{85BBE736-8E55-63EC-7B05-4FE4F68DF8B6} = {9FCC00F0-AF23-CA1A-F9A5-92769C0E6FAF}
		{BF3E0C06-3BD4-A9E1-5B71-871D016174E6} = {85BBE736-8E55-63EC-7B05-4FE4F68DF8B6}
	EndGlobalSection
	GlobalSection(ExtensibilityGlobals) = postSolution
		SolutionGuid = {E256F4EE-675E-4212-A5EA-ED68D80060BA}
	EndGlobalSection
EndGlobal
